
Microsoft Visual Studio Solution File, Format Version 12.00
# Visual Studio Version 16
VisualStudioVersion = 16.0.29728.190
MinimumVisualStudioVersion = 10.0.40219.1
Project("{9A19103F-16F7-4668-BE54-9A1E7A4F7556}") = "SalesforceObjectDetails", "SalesforceObjectDetails\SalesforceObjectDetails.csproj", "{81D59483-8427-4608-93BA-C7D5A85522E6}"
EndProject
Project("{2150E333-8FDC-42A3-9474-1A3956D46DE8}") = "Solution Items", "Solution Items", "{73CAB21F-4CAB-4BB2-B56A-D389F178DB25}"
	ProjectSection(SolutionItems) = preProject
		.editorconfig = .editorconfig
	EndProjectSection
EndProject
Global
	GlobalSection(SolutionConfigurationPlatforms) = preSolution
		Debug|Any CPU = Debug|Any CPU
		Release|Any CPU = Release|Any CPU
	EndGlobalSection
	GlobalSection(ProjectConfigurationPlatforms) = postSolution
		{81D59483-8427-4608-93BA-C7D5A85522E6}.Debug|Any CPU.ActiveCfg = Debug|Any CPU
		{81D59483-8427-4608-93BA-C7D5A85522E6}.Debug|Any CPU.Build.0 = Debug|Any CPU
		{81D59483-8427-4608-93BA-C7D5A85522E6}.Release|Any CPU.ActiveCfg = Release|Any CPU
		{81D59483-8427-4608-93BA-C7D5A85522E6}.Release|Any CPU.Build.0 = Release|Any CPU
	EndGlobalSection
	GlobalSection(SolutionProperties) = preSolution
		HideSolutionNode = FALSE
	EndGlobalSection
	GlobalSection(ExtensibilityGlobals) = postSolution
		SolutionGuid = {F97A6276-BA41-4D80-8B73-F8F6447408B3}
	EndGlobalSection
EndGlobal
